
Microsoft Visual Studio Solution File, Format Version 12.00
# Visual Studio Version 17
VisualStudioVersion = 17.8.34309.116
MinimumVisualStudioVersion = 10.0.40219.1
Project("{8BC9CEB8-8B4A-11D0-8D11-00A0C91BC942}") = "Prog4_2_1", "Prog4_2_1\Prog4_2_1.vcxproj", "{8559E187-A7CF-419B-B867-3CDDFB960628}"
EndProject
Project("{8BC9CEB8-8B4A-11D0-8D11-00A0C91BC942}") = "Prog4_2_2", "Prog4_2_2\Prog4_2_2.vcxproj", "{214F90DE-1F84-488F-AA22-79E703950EA4}"
EndProject
Project("{8BC9CEB8-8B4A-11D0-8D11-00A0C91BC942}") = "Prog4_2_3", "Prog4_2_3\Prog4_2_3.vcxproj", "{92280B84-2872-4115-8E5B-488964A6ED45}"
EndProject
Global
	GlobalSection(SolutionConfigurationPlatforms) = preSolution
		Debug|x64 = Debug|x64
		Debug|x86 = Debug|x86
		Release|x64 = Release|x64
		Release|x86 = Release|x86
	EndGlobalSection
	GlobalSection(ProjectConfigurationPlatforms) = postSolution
		{8559E187-A7CF-419B-B867-3CDDFB960628}.Debug|x64.ActiveCfg = Debug|x64
		{8559E187-A7CF-419B-B867-3CDDFB960628}.Debug|x64.Build.0 = Debug|x64
		{8559E187-A7CF-419B-B867-3CDDFB960628}.Debug|x86.ActiveCfg = Debug|Win32
		{8559E187-A7CF-419B-B867-3CDDFB960628}.Debug|x86.Build.0 = Debug|Win32
		{8559E187-A7CF-419B-B867-3CDDFB960628}.Release|x64.ActiveCfg = Release|x64
		{8559E187-A7CF-419B-B867-3CDDFB960628}.Release|x64.Build.0 = Release|x64
		{8559E187-A7CF-419B-B867-3CDDFB960628}.Release|x86.ActiveCfg = Release|Win32
		{8559E187-A7CF-419B-B867-3CDDFB960628}.Release|x86.Build.0 = Release|Win32
		{214F90DE-1F84-488F-AA22-79E703950EA4}.Debug|x64.ActiveCfg = Debug|x64
		{214F90DE-1F84-488F-AA22-79E703950EA4}.Debug|x64.Build.0 = Debug|x64
		{214F90DE-1F84-488F-AA22-79E703950EA4}.Debug|x86.ActiveCfg = Debug|Win32
		{214F90DE-1F84-488F-AA22-79E703950EA4}.Debug|x86.Build.0 = Debug|Win32
		{214F90DE-1F84-488F-AA22-79E703950EA4}.Release|x64.ActiveCfg = Release|x64
		{214F90DE-1F84-488F-AA22-79E703950EA4}.Release|x64.Build.0 = Release|x64
		{214F90DE-1F84-488F-AA22-79E703950EA4}.Release|x86.ActiveCfg = Release|Win32
		{214F90DE-1F84-488F-AA22-79E703950EA4}.Release|x86.Build.0 = Release|Win32
		{92280B84-2872-4115-8E5B-488964A6ED45}.Debug|x64.ActiveCfg = Debug|x64
		{92280B84-2872-4115-8E5B-488964A6ED45}.Debug|x64.Build.0 = Debug|x64
		{92280B84-2872-4115-8E5B-488964A6ED45}.Debug|x86.ActiveCfg = Debug|Win32
		{92280B84-2872-4115-8E5B-488964A6ED45}.Debug|x86.Build.0 = Debug|Win32
		{92280B84-2872-4115-8E5B-488964A6ED45}.Release|x64.ActiveCfg = Release|x64
		{92280B84-2872-4115-8E5B-488964A6ED45}.Release|x64.Build.0 = Release|x64
		{92280B84-2872-4115-8E5B-488964A6ED45}.Release|x86.ActiveCfg = Release|Win32
		{92280B84-2872-4115-8E5B-488964A6ED45}.Release|x86.Build.0 = Release|Win32
	EndGlobalSection
	GlobalSection(SolutionProperties) = preSolution
		HideSolutionNode = FALSE
	EndGlobalSection
	GlobalSection(ExtensibilityGlobals) = postSolution
		SolutionGuid = {8E0F67BD-0D02-4B17-838E-5B8BA8E5AC4F}
	EndGlobalSection
EndGlobal
